
Microsoft Visual Studio Solution File, Format Version 12.00
# Visual Studio Version 16
VisualStudioVersion = 16.0.31605.320
MinimumVisualStudioVersion = 10.0.40219.1
Project("{FAE04EC0-301F-11D3-BF4B-00C04F79EFBC}") = "GitLockingApp", "GitLockingApp\GitLockingApp.csproj", "{7EA5D56F-5DDE-489F-A395-86DFF9F2D371}"
EndProject
Global
	GlobalSection(SolutionConfigurationPlatforms) = preSolution
		Debug|Any CPU = Debug|Any CPU
		Release|Any CPU = Release|Any CPU
	EndGlobalSection
	GlobalSection(ProjectConfigurationPlatforms) = postSolution
		{7EA5D56F-5DDE-489F-A395-86DFF9F2D371}.Debug|Any CPU.ActiveCfg = Debug|Any CPU
		{7EA5D56F-5DDE-489F-A395-86DFF9F2D371}.Debug|Any CPU.Build.0 = Debug|Any CPU
		{7EA5D56F-5DDE-489F-A395-86DFF9F2D371}.Release|Any CPU.ActiveCfg = Release|Any CPU
		{7EA5D56F-5DDE-489F-A395-86DFF9F2D371}.Release|Any CPU.Build.0 = Release|Any CPU
	EndGlobalSection
	GlobalSection(SolutionProperties) = preSolution
		HideSolutionNode = FALSE
	EndGlobalSection
	GlobalSection(ExtensibilityGlobals) = postSolution
		SolutionGuid = {86FDE96B-DC91-442A-A6DF-E6F9D6CE2D99}
	EndGlobalSection
EndGlobal
